dependencies:
- name: sm-llm-proxy
  repository: file://../sm-llm-proxy
  version: 0.0.16
- name: sm-tts
  repository: file://../sm-tts
  version: 0.0.12
- name: sm-vllm
  repository: file://../sm-vllm
  version: 0.0.5
digest: sha256:1aef3eef592ceb3a59b532f4e59faa7b3fa46ae10311ddd8ec1c5716195bfe4f
generated: "2025-07-18T09:46:39.189065211Z"
